
Microsoft Visual Studio Solution File, Format Version 12.00
# Visual Studio Version 16
VisualStudioVersion = 16.0.33027.164
MinimumVisualStudioVersion = 10.0.40219.1
Project("{FAE04EC0-301F-11D3-BF4B-00C04F79EFBC}") = "ruang.Android", "ruang\ruang.Android\ruang.Android.csproj", "{BB76B047-711A-497E-B3D5-21F3F355B403}"
EndProject
Project("{FAE04EC0-301F-11D3-BF4B-00C04F79EFBC}") = "ruang", "ruang\ruang\ruang.csproj", "{346BA0D6-00ED-4F0B-9DFB-34E1E40AAFED}"
EndProject
Global
	GlobalSection(SolutionConfigurationPlatforms) = preSolution
		Debug|Any CPU = Debug|Any CPU
		Release|Any CPU = Release|Any CPU
	EndGlobalSection
	GlobalSection(ProjectConfigurationPlatforms) = postSolution
		{BB76B047-711A-497E-B3D5-21F3F355B403}.Debug|Any CPU.ActiveCfg = Debug|Any CPU
		{BB76B047-711A-497E-B3D5-21F3F355B403}.Debug|Any CPU.Build.0 = Debug|Any CPU
		{BB76B047-711A-497E-B3D5-21F3F355B403}.Debug|Any CPU.Deploy.0 = Debug|Any CPU
		{BB76B047-711A-497E-B3D5-21F3F355B403}.Release|Any CPU.ActiveCfg = Release|Any CPU
		{BB76B047-711A-497E-B3D5-21F3F355B403}.Release|Any CPU.Build.0 = Release|Any CPU
		{BB76B047-711A-497E-B3D5-21F3F355B403}.Release|Any CPU.Deploy.0 = Release|Any CPU
		{346BA0D6-00ED-4F0B-9DFB-34E1E40AAFED}.Debug|Any CPU.ActiveCfg = Debug|Any CPU
		{346BA0D6-00ED-4F0B-9DFB-34E1E40AAFED}.Debug|Any CPU.Build.0 = Debug|Any CPU
		{346BA0D6-00ED-4F0B-9DFB-34E1E40AAFED}.Debug|Any CPU.Deploy.0 = Debug|Any CPU
		{346BA0D6-00ED-4F0B-9DFB-34E1E40AAFED}.Release|Any CPU.ActiveCfg = Release|Any CPU
		{346BA0D6-00ED-4F0B-9DFB-34E1E40AAFED}.Release|Any CPU.Build.0 = Release|Any CPU
		{346BA0D6-00ED-4F0B-9DFB-34E1E40AAFED}.Release|Any CPU.Deploy.0 = Release|Any CPU
	EndGlobalSection
	GlobalSection(SolutionProperties) = preSolution
		HideSolutionNode = FALSE
	EndGlobalSection
	GlobalSection(ExtensibilityGlobals) = postSolution
		SolutionGuid = {DF1AAC2E-92D1-4260-842D-FD974634D55D}
	EndGlobalSection
EndGlobal
